
Microsoft Visual Studio Solution File, Format Version 12.00
# Visual Studio Version 17
VisualStudioVersion = 17.12.35527.113
MinimumVisualStudioVersion = 10.0.40219.1
Project("{2150E333-8FDC-42A3-9474-1A3956D46DE8}") = "Src", "Src", "{4481DB2F-7B70-4807-86B9-E34948728042}"
EndProject
Project("{2150E333-8FDC-42A3-9474-1A3956D46DE8}") = "Src-FrameWork", "Src-FrameWork", "{1554CB6C-3B6E-458F-A87B-F094F1285C34}"
EndProject
Project("{2150E333-8FDC-42A3-9474-1A3956D46DE8}") = "Test", "Test", "{20923BA3-92B8-4BA1-9E50-A5BF1D8EBEB3}"
EndProject
Project("{2150E333-8FDC-42A3-9474-1A3956D46DE8}") = "01-Domain", "01-Domain", "{8D2A73EC-59EA-4E47-97A3-9BDB15169A5D}"
EndProject
Project("{2150E333-8FDC-42A3-9474-1A3956D46DE8}") = "02-InfraStructure", "02-InfraStructure", "{F39155E2-59CA-4AF8-8F9C-25AE460F3FB9}"
EndProject
Project("{2150E333-8FDC-42A3-9474-1A3956D46DE8}") = "001-Core", "001-Core", "{CC111B5D-06AF-4700-BB07-F2740B365719}"
EndProject
Project("{2150E333-8FDC-42A3-9474-1A3956D46DE8}") = "002-AppSerivce", "002-AppSerivce", "{FFC7FCD1-A4CA-4B5C-A051-0738DB77E049}"
EndProject
Project("{2150E333-8FDC-42A3-9474-1A3956D46DE8}") = "003-Service", "003-Service", "{FEB44629-06BA-4BAB-94CA-1CE747DCED25}"
EndProject
Project("{2150E333-8FDC-42A3-9474-1A3956D46DE8}") = "001-DataAccess", "001-DataAccess", "{A7BE5626-2384-4976-856D-539D7E27BCD8}"
EndProject
Project("{2150E333-8FDC-42A3-9474-1A3956D46DE8}") = "002-DataBase", "002-DataBase", "{AFDE3547-E0F9-4419-9C48-3C07C62B3439}"
EndProject
Project("{FAE04EC0-301F-11D3-BF4B-00C04F79EFBC}") = "Src.Domain.Core", "Src\Domain\Src.Domain.Core\Src.Domain.Core.csproj", "{7917EB5C-0BB5-46F6-9EF5-8DC6274C397C}"
EndProject
Project("{FAE04EC0-301F-11D3-BF4B-00C04F79EFBC}") = "Src.Domain.AppService", "Src\Domain\Src.Domain.AppService\Src.Domain.AppService.csproj", "{E4F3662D-FBD0-4D5A-B63C-4FF61FB09585}"
EndProject
Project("{FAE04EC0-301F-11D3-BF4B-00C04F79EFBC}") = "Src.Domain.Service", "Src\Domain\Src.Domain.Service\Src.Domain.Service.csproj", "{BE6D998F-D540-4B00-8302-44A99AFA52FE}"
EndProject
Project("{FAE04EC0-301F-11D3-BF4B-00C04F79EFBC}") = "Src.Ifra.DataAccess.Repos.Ef", "Src\InfraStructure\Src.Ifra.DataAccess.Repos.Ef\Src.Ifra.DataAccess.Repos.Ef.csproj", "{48D1CD08-EE00-4B41-B86F-C471C55A7FCA}"
EndProject
Project("{FAE04EC0-301F-11D3-BF4B-00C04F79EFBC}") = "Src.Infra.DataBase.SqlServer.Ef", "Src\InfraStructure\Src.Infra.DataBase.SqlServer.Ef\Src.Infra.DataBase.SqlServer.Ef.csproj", "{77AC4626-CDCD-4972-B35A-95675B779E7B}"
EndProject
Project("{2150E333-8FDC-42A3-9474-1A3956D46DE8}") = "03-EndPoints", "03-EndPoints", "{EE041811-1A64-45B5-9FF8-D25BE3E60697}"
EndProject
Project("{FAE04EC0-301F-11D3-BF4B-00C04F79EFBC}") = "Src.EndPoints.MVC.HomeService", "Src\EndPoints\Src.EndPoints.MVC.HomeService\Src.EndPoints.MVC.HomeService.csproj", "{3BBA9E9C-F3A2-40BF-8C2F-56A9C77B6809}"
EndProject
Project("{FAE04EC0-301F-11D3-BF4B-00C04F79EFBC}") = "AppFrameWork", "Src-FrameWork\AppFrameWork\AppFrameWork.csproj", "{4794FB57-AB69-48AC-AB73-51CD687C5422}"
EndProject
Global
	GlobalSection(SolutionConfigurationPlatforms) = preSolution
		Debug|Any CPU = Debug|Any CPU
		Release|Any CPU = Release|Any CPU
	EndGlobalSection
	GlobalSection(ProjectConfigurationPlatforms) = postSolution
		{7917EB5C-0BB5-46F6-9EF5-8DC6274C397C}.Debug|Any CPU.ActiveCfg = Debug|Any CPU
		{7917EB5C-0BB5-46F6-9EF5-8DC6274C397C}.Debug|Any CPU.Build.0 = Debug|Any CPU
		{7917EB5C-0BB5-46F6-9EF5-8DC6274C397C}.Release|Any CPU.ActiveCfg = Release|Any CPU
		{7917EB5C-0BB5-46F6-9EF5-8DC6274C397C}.Release|Any CPU.Build.0 = Release|Any CPU
		{E4F3662D-FBD0-4D5A-B63C-4FF61FB09585}.Debug|Any CPU.ActiveCfg = Debug|Any CPU
		{E4F3662D-FBD0-4D5A-B63C-4FF61FB09585}.Debug|Any CPU.Build.0 = Debug|Any CPU
		{E4F3662D-FBD0-4D5A-B63C-4FF61FB09585}.Release|Any CPU.ActiveCfg = Release|Any CPU
		{E4F3662D-FBD0-4D5A-B63C-4FF61FB09585}.Release|Any CPU.Build.0 = Release|Any CPU
		{BE6D998F-D540-4B00-8302-44A99AFA52FE}.Debug|Any CPU.ActiveCfg = Debug|Any CPU
		{BE6D998F-D540-4B00-8302-44A99AFA52FE}.Debug|Any CPU.Build.0 = Debug|Any CPU
		{BE6D998F-D540-4B00-8302-44A99AFA52FE}.Release|Any CPU.ActiveCfg = Release|Any CPU
		{BE6D998F-D540-4B00-8302-44A99AFA52FE}.Release|Any CPU.Build.0 = Release|Any CPU
		{48D1CD08-EE00-4B41-B86F-C471C55A7FCA}.Debug|Any CPU.ActiveCfg = Debug|Any CPU
		{48D1CD08-EE00-4B41-B86F-C471C55A7FCA}.Debug|Any CPU.Build.0 = Debug|Any CPU
		{48D1CD08-EE00-4B41-B86F-C471C55A7FCA}.Release|Any CPU.ActiveCfg = Release|Any CPU
		{48D1CD08-EE00-4B41-B86F-C471C55A7FCA}.Release|Any CPU.Build.0 = Release|Any CPU
		{77AC4626-CDCD-4972-B35A-95675B779E7B}.Debug|Any CPU.ActiveCfg = Debug|Any CPU
		{77AC4626-CDCD-4972-B35A-95675B779E7B}.Debug|Any CPU.Build.0 = Debug|Any CPU
		{77AC4626-CDCD-4972-B35A-95675B779E7B}.Release|Any CPU.ActiveCfg = Release|Any CPU
		{77AC4626-CDCD-4972-B35A-95675B779E7B}.Release|Any CPU.Build.0 = Release|Any CPU
		{3BBA9E9C-F3A2-40BF-8C2F-56A9C77B6809}.Debug|Any CPU.ActiveCfg = Debug|Any CPU
		{3BBA9E9C-F3A2-40BF-8C2F-56A9C77B6809}.Debug|Any CPU.Build.0 = Debug|Any CPU
		{3BBA9E9C-F3A2-40BF-8C2F-56A9C77B6809}.Release|Any CPU.ActiveCfg = Release|Any CPU
		{3BBA9E9C-F3A2-40BF-8C2F-56A9C77B6809}.Release|Any CPU.Build.0 = Release|Any CPU
		{4794FB57-AB69-48AC-AB73-51CD687C5422}.Debug|Any CPU.ActiveCfg = Debug|Any CPU
		{4794FB57-AB69-48AC-AB73-51CD687C5422}.Debug|Any CPU.Build.0 = Debug|Any CPU
		{4794FB57-AB69-48AC-AB73-51CD687C5422}.Release|Any CPU.ActiveCfg = Release|Any CPU
		{4794FB57-AB69-48AC-AB73-51CD687C5422}.Release|Any CPU.Build.0 = Release|Any CPU
	EndGlobalSection
	GlobalSection(SolutionProperties) = preSolution
		HideSolutionNode = FALSE
	EndGlobalSection
	GlobalSection(NestedProjects) = preSolution
		{8D2A73EC-59EA-4E47-97A3-9BDB15169A5D} = {4481DB2F-7B70-4807-86B9-E34948728042}
		{F39155E2-59CA-4AF8-8F9C-25AE460F3FB9} = {4481DB2F-7B70-4807-86B9-E34948728042}
		{CC111B5D-06AF-4700-BB07-F2740B365719} = {8D2A73EC-59EA-4E47-97A3-9BDB15169A5D}
		{FFC7FCD1-A4CA-4B5C-A051-0738DB77E049} = {8D2A73EC-59EA-4E47-97A3-9BDB15169A5D}
		{FEB44629-06BA-4BAB-94CA-1CE747DCED25} = {8D2A73EC-59EA-4E47-97A3-9BDB15169A5D}
		{A7BE5626-2384-4976-856D-539D7E27BCD8} = {F39155E2-59CA-4AF8-8F9C-25AE460F3FB9}
		{AFDE3547-E0F9-4419-9C48-3C07C62B3439} = {F39155E2-59CA-4AF8-8F9C-25AE460F3FB9}
		{7917EB5C-0BB5-46F6-9EF5-8DC6274C397C} = {CC111B5D-06AF-4700-BB07-F2740B365719}
		{E4F3662D-FBD0-4D5A-B63C-4FF61FB09585} = {FFC7FCD1-A4CA-4B5C-A051-0738DB77E049}
		{BE6D998F-D540-4B00-8302-44A99AFA52FE} = {FEB44629-06BA-4BAB-94CA-1CE747DCED25}
		{48D1CD08-EE00-4B41-B86F-C471C55A7FCA} = {A7BE5626-2384-4976-856D-539D7E27BCD8}
		{77AC4626-CDCD-4972-B35A-95675B779E7B} = {AFDE3547-E0F9-4419-9C48-3C07C62B3439}
		{EE041811-1A64-45B5-9FF8-D25BE3E60697} = {4481DB2F-7B70-4807-86B9-E34948728042}
		{3BBA9E9C-F3A2-40BF-8C2F-56A9C77B6809} = {EE041811-1A64-45B5-9FF8-D25BE3E60697}
		{4794FB57-AB69-48AC-AB73-51CD687C5422} = {1554CB6C-3B6E-458F-A87B-F094F1285C34}
	EndGlobalSection
EndGlobal
